// !$*UTF8*$!
{
	archiveVersion = 1;
	classes = {
	};
	objectVersion = 50;
	objects = {

/* Begin PBXBuildFile section */
		A982180A2601825300ABC271 /* No_Food_Waste_Inator_3000App.swift in Sources */ = {isa = PBXBuildFile; fileRef = A98218092601825300ABC271 /* No_Food_Waste_Inator_3000App.swift */; };
		A982180C2601825300ABC271 /* ContentView.swift in Sources */ = {isa = PBXBuildFile; fileRef = A982180B2601825300ABC271 /* ContentView.swift */; };
		A982180E2601825400ABC271 /* Assets.xcassets in Resources */ = {isa = PBXBuildFile; fileRef = A982180D2601825400ABC271 /* Assets.xcassets */; };
		A98218112601825400ABC271 /* Preview Assets.xcassets in Resources */ = {isa = PBXBuildFile; fileRef = A98218102601825400ABC271 /* Preview Assets.xcassets */; };
		A98218132601825400ABC271 /* Persistence.swift in Sources */ = {isa = PBXBuildFile; fileRef = A98218122601825400ABC271 /* Persistence.swift */; };
		A98218162601825400ABC271 /* No_Food_Waste_Inator_3000.xcdatamodeld in Sources */ = {isa = PBXBuildFile; fileRef = A98218142601825400ABC271 /* No_Food_Waste_Inator_3000.xcdatamodeld */; };
/* End PBXBuildFile section */

/* Begin PBXFileReference section */
		A98218062601825300ABC271 /* No-Food-Waste-Inator 3000.app */ = {isa = PBXFileReference; explicitFileType = wrapper.application; includeInIndex = 0; path = "No-Food-Waste-Inator 3000.app"; sourceTree = BUILT_PRODUCTS_DIR; };
		A98218092601825300ABC271 /* No_Food_Waste_Inator_3000App.swift */ = {isa = PBXFileReference; lastKnownFileType = sourcecode.swift; path = No_Food_Waste_Inator_3000App.swift; sourceTree = "<group>"; };
		A982180B2601825300ABC271 /* ContentView.swift */ = {isa = PBXFileReference; lastKnownFileType = sourcecode.swift; path = ContentView.swift; sourceTree = "<group>"; };
		A982180D2601825400ABC271 /* Assets.xcassets */ = {isa = PBXFileReference; lastKnownFileType = folder.assetcatalog; path = Assets.xcassets; sourceTree = "<group>"; };
		A98218102601825400ABC271 /* Preview Assets.xcassets */ = {isa = PBXFileReference; lastKnownFileType = folder.assetcatalog; path = "Preview Assets.xcassets"; sourceTree = "<group>"; };
		A98218122601825400ABC271 /* Persistence.swift */ = {isa = PBXFileReference; lastKnownFileType = sourcecode.swift; path = Persistence.swift; sourceTree = "<group>"; };
		A98218152601825400ABC271 /* No_Food_Waste_Inator_3000.xcdatamodel */ = {isa = PBXFileReference; lastKnownFileType = wrapper.xcdatamodel; path = No_Food_Waste_Inator_3000.xcdatamodel; sourceTree = "<group>"; };
		A98218172601825400ABC271 /* Info.plist */ = {isa = PBXFileReference; lastKnownFileType = text.plist.xml; path = Info.plist; sourceTree = "<group>"; };
/* End PBXFileReference section */

/* Begin PBXFrameworksBuildPhase section */
		A98218032601825300ABC271 /* Frameworks */ = {
			isa = PBXFrameworksBuildPhase;
			buildActionMask = 2147483647;
			files = (
			);
			runOnlyForDeploymentPostprocessing = 0;
		};
/* End PBXFrameworksBuildPhase section */

/* Begin PBXGroup section */
		A98217FD2601825300ABC271 = {
			isa = PBXGroup;
			children = (
				A98218082601825300ABC271 /* No-Food-Waste-Inator 3000 */,
				A98218072601825300ABC271 /* Products */,
			);
			sourceTree = "<group>";
		};
		A98218072601825300ABC271 /* Products */ = {
			isa = PBXGroup;
			children = (
				A98218062601825300ABC271 /* No-Food-Waste-Inator 3000.app */,
			);
			name = Products;
			sourceTree = "<group>";
		};
		A98218082601825300ABC271 /* No-Food-Waste-Inator 3000 */ = {
			isa = PBXGroup;
			children = (
				A98218092601825300ABC271 /* No_Food_Waste_Inator_3000App.swift */,
				A982180B2601825300ABC271 /* ContentView.swift */,
				A982180D2601825400ABC271 /* Assets.xcassets */,
				A98218122601825400ABC271 /* Persistence.swift */,
				A98218172601825400ABC271 /* Info.plist */,
				A98218142601825400ABC271 /* No_Food_Waste_Inator_3000.xcdatamodeld */,
				A982180F2601825400ABC271 /* Preview Content */,
			);
			path = "No-Food-Waste-Inator 3000";
			sourceTree = "<group>";
		};
		A982180F2601825400ABC271 /* Preview Content */ = {
			isa = PBXGroup;
			children = (
				A98218102601825400ABC271 /* Preview Assets.xcassets */,
			);
			path = "Preview Content";
			sourceTree = "<group>";
		};
/* End PBXGroup section */

/* Begin PBXNativeTarget section */
		A98218052601825300ABC271 /* No-Food-Waste-Inator 3000 */ = {
			isa = PBXNativeTarget;
			buildConfigurationList = A982181A2601825400ABC271 /* Build configuration list for PBXNativeTarget "No-Food-Waste-Inator 3000" */;
			buildPhases = (
				A98218022601825300ABC271 /* Sources */,
				A98218032601825300ABC271 /* Frameworks */,
				A98218042601825300ABC271 /* Resources */,
			);
			buildRules = (
			);
			dependencies = (
			);
			name = "No-Food-Waste-Inator 3000";
			productName = "No-Food-Waste-Inator 3000";
			productReference = A98218062601825300ABC271 /* No-Food-Waste-Inator 3000.app */;
			productType = "com.apple.product-type.application";
		};
/* End PBXNativeTarget section */

/* Begin PBXProject section */
		A98217FE2601825300ABC271 /* Project object */ = {
			isa = PBXProject;
			attributes = {
				LastSwiftUpdateCheck = 1240;
				LastUpgradeCheck = 1240;
				TargetAttributes = {
					A98218052601825300ABC271 = {
						CreatedOnToolsVersion = 12.4;
					};
				};
			};
			buildConfigurationList = A98218012601825300ABC271 /* Build configuration list for PBXProject "No-Food-Waste-Inator 3000" */;
			compatibilityVersion = "Xcode 9.3";
			developmentRegion = en;
			hasScannedForEncodings = 0;
			knownRegions = (
				en,
				Base,
			);
			mainGroup = A98217FD2601825300ABC271;
			productRefGroup = A98218072601825300ABC271 /* Products */;
			projectDirPath = "";
			projectRoot = "";
			targets = (
				A98218052601825300ABC271 /* No-Food-Waste-Inator 3000 */,
			);
		};
/* End PBXProject section */

/* Begin PBXResourcesBuildPhase section */
		A98218042601825300ABC271 /* Resources */ = {
			isa = PBXResourcesBuildPhase;
			buildActionMask = 2147483647;
			files = (
				A98218112601825400ABC271 /* Preview Assets.xcassets in Resources */,
				A982180E2601825400ABC271 /* Assets.xcassets in Resources */,
			);
			runOnlyForDeploymentPostprocessing = 0;
		};
/* End PBXResourcesBuildPhase section */

/* Begin PBXSourcesBuildPhase section */
		A98218022601825300ABC271 /* Sources */ = {
			isa = PBXSourcesBuildPhase;
			buildActionMask = 2147483647;
			files = (
				A98218132601825400ABC271 /* Persistence.swift in Sources */,
				A982180C2601825300ABC271 /* ContentView.swift in Sources */,
				A982180A2601825300ABC271 /* No_Food_Waste_Inator_3000App.swift in Sources */,
				A98218162601825400ABC271 /* No_Food_Waste_Inator_3000.xcdatamodeld in Sources */,
			);
			runOnlyForDeploymentPostprocessing = 0;
		};
/* End PBXSourcesBuildPhase section */

/* Begin XCBuildConfiguration section */
		A98218182601825400ABC271 /* Debug */ = {
			isa = XCBuildConfiguration;
			buildSettings = {
				ALWAYS_SEARCH_USER_PATHS = NO;
				CLANG_ANALYZER_NONNULL = YES;
				CLANG_ANALYZER_NUMBER_OBJECT_CONVERSION = YES_AGGRESSIVE;
				CLANG_CXX_LANGUAGE_STANDARD = "gnu++14";
				CLANG_CXX_LIBRARY = "libc++";
				CLANG_ENABLE_MODULES = YES;
				CLANG_ENABLE_OBJC_ARC = YES;
				CLANG_ENABLE_OBJC_WEAK = YES;
				CLANG_WARN_BLOCK_CAPTURE_AUTORELEASING = YES;
				CLANG_WARN_BOOL_CONVERSION = YES;
				CLANG_WARN_COMMA = YES;
				CLANG_WARN_CONSTANT_CONVERSION = YES;
				CLANG_WARN_DEPRECATED_OBJC_IMPLEMENTATIONS = YES;
				CLANG_WARN_DIRECT_OBJC_ISA_USAGE = YES_ERROR;
				CLANG_WARN_DOCUMENTATION_COMMENTS = YES;
				CLANG_WARN_EMPTY_BODY = YES;
				CLANG_WARN_ENUM_CONVERSION = YES;
				CLANG_WARN_INFINITE_RECURSION = YES;
				CLANG_WARN_INT_CONVERSION = YES;
				CLANG_WARN_NON_LITERAL_NULL_CONVERSION = YES;
				CLANG_WARN_OBJC_IMPLICIT_RETAIN_SELF = YES;
				CLANG_WARN_OBJC_LITERAL_CONVERSION = YES;
				CLANG_WARN_OBJC_ROOT_CLASS = YES_ERROR;
				CLANG_WARN_QUOTED_INCLUDE_IN_FRAMEWORK_HEADER = YES;
				CLANG_WARN_RANGE_LOOP_ANALYSIS = YES;
				CLANG_WARN_STRICT_PROTOTYPES = YES;
				CLANG_WARN_SUSPICIOUS_MOVE = YES;
				CLANG_WARN_UNGUARDED_AVAILABILITY = YES_AGGRESSIVE;
				CLANG_WARN_UNREACHABLE_CODE = YES;
				CLANG_WARN__DUPLICATE_METHOD_MATCH = YES;
				COPY_PHASE_STRIP = NO;
				DEBUG_INFORMATION_FORMAT = dwarf;
				ENABLE_STRICT_OBJC_MSGSEND = YES;
				ENABLE_TESTABILITY = YES;
				GCC_C_LANGUAGE_STANDARD = gnu11;
				GCC_DYNAMIC_NO_PIC = NO;
				GCC_NO_COMMON_BLOCKS = YES;
				GCC_OPTIMIZATION_LEVEL = 0;
				GCC_PREPROCESSOR_DEFINITIONS = (
					"DEBUG=1",
					"$(inherited)",
				);
				GCC_WARN_64_TO_32_BIT_CONVERSION = YES;
				GCC_WARN_ABOUT_RETURN_TYPE = YES_ERROR;
				GCC_WARN_UNDECLARED_SELECTOR = YES;
				GCC_WARN_UNINITIALIZED_AUTOS = YES_AGGRESSIVE;
				GCC_WARN_UNUSED_FUNCTION = YES;
				GCC_WARN_UNUSED_VARIABLE = YES;
				IPHONEOS_DEPLOYMENT_TARGET = 14.4;
				MTL_ENABLE_DEBUG_INFO = INCLUDE_SOURCE;
				MTL_FAST_MATH = YES;
				ONLY_ACTIVE_ARCH = YES;
				SDKROOT = iphoneos;
				SWIFT_ACTIVE_COMPILATION_CONDITIONS = DEBUG;
				SWIFT_OPTIMIZATION_LEVEL = "-Onone";
			};
			name = Debug;
		};
		A98218192601825400ABC271 /* Release */ = {
			isa = XCBuildConfiguration;
			buildSettings = {
				ALWAYS_SEARCH_USER_PATHS = NO;
				CLANG_ANALYZER_NONNULL = YES;
				CLANG_ANALYZER_NUMBER_OBJECT_CONVERSION = YES_AGGRESSIVE;
				CLANG_CXX_LANGUAGE_STANDARD = "gnu++14";
				CLANG_CXX_LIBRARY = "libc++";
				CLANG_ENABLE_MODULES = YES;
				CLANG_ENABLE_OBJC_ARC = YES;
				CLANG_ENABLE_OBJC_WEAK = YES;
				CLANG_WARN_BLOCK_CAPTURE_AUTORELEASING = YES;
				CLANG_WARN_BOOL_CONVERSION = YES;
				CLANG_WARN_COMMA = YES;
				CLANG_WARN_CONSTANT_CONVERSION = YES;
				CLANG_WARN_DEPRECATED_OBJC_IMPLEMENTATIONS = YES;
				CLANG_WARN_DIRECT_OBJC_ISA_USAGE = YES_ERROR;
				CLANG_WARN_DOCUMENTATION_COMMENTS = YES;
				CLANG_WARN_EMPTY_BODY = YES;
				CLANG_WARN_ENUM_CONVERSION = YES;
				CLANG_WARN_INFINITE_RECURSION = YES;
				CLANG_WARN_INT_CONVERSION = YES;
				CLANG_WARN_NON_LITERAL_NULL_CONVERSION = YES;
				CLANG_WARN_OBJC_IMPLICIT_RETAIN_SELF = YES;
				CLANG_WARN_OBJC_LITERAL_CONVERSION = YES;
				CLANG_WARN_OBJC_ROOT_CLASS = YES_ERROR;
				CLANG_WARN_QUOTED_INCLUDE_IN_FRAMEWORK_HEADER = YES;
				CLANG_WARN_RANGE_LOOP_ANALYSIS = YES;
				CLANG_WARN_STRICT_PROTOTYPES = YES;
				CLANG_WARN_SUSPICIOUS_MOVE = YES;
				CLANG_WARN_UNGUARDED_AVAILABILITY = YES_AGGRESSIVE;
				CLANG_WARN_UNREACHABLE_CODE = YES;
				CLANG_WARN__DUPLICATE_METHOD_MATCH = YES;
				COPY_PHASE_STRIP = NO;
				DEBUG_INFORMATION_FORMAT = "dwarf-with-dsym";
				ENABLE_NS_ASSERTIONS = NO;
				ENABLE_STRICT_OBJC_MSGSEND = YES;
				GCC_C_LANGUAGE_STANDARD = gnu11;
				GCC_NO_COMMON_BLOCKS = YES;
				GCC_WARN_64_TO_32_BIT_CONVERSION = YES;
				GCC_WARN_ABOUT_RETURN_TYPE = YES_ERROR;
				GCC_WARN_UNDECLARED_SELECTOR = YES;
				GCC_WARN_UNINITIALIZED_AUTOS = YES_AGGRESSIVE;
				GCC_WARN_UNUSED_FUNCTION = YES;
				GCC_WARN_UNUSED_VARIABLE = YES;
				IPHONEOS_DEPLOYMENT_TARGET = 14.4;
				MTL_ENABLE_DEBUG_INFO = NO;
				MTL_FAST_MATH = YES;
				SDKROOT = iphoneos;
				SWIFT_COMPILATION_MODE = wholemodule;
				SWIFT_OPTIMIZATION_LEVEL = "-O";
				VALIDATE_PRODUCT = YES;
			};
			name = Release;
		};
		A982181B2601825400ABC271 /* Debug */ = {
			isa = XCBuildConfiguration;
			buildSettings = {
				ASSETCATALOG_COMPILER_APPICON_NAME = AppIcon;
				ASSETCATALOG_COMPILER_GLOBAL_ACCENT_COLOR_NAME = AccentColor;
				CODE_SIGN_STYLE = Automatic;
				DEVELOPMENT_ASSET_PATHS = "\"No-Food-Waste-Inator 3000/Preview Content\"";
				DEVELOPMENT_TEAM = 94GR47S8MA;
				ENABLE_PREVIEWS = YES;
				INFOPLIST_FILE = "No-Food-Waste-Inator 3000/Info.plist";
				IPHONEOS_DEPLOYMENT_TARGET = 14.0;
				LD_RUNPATH_SEARCH_PATHS = (
					"$(inherited)",
					"@executable_path/Frameworks",
				);
				PRODUCT_BUNDLE_IDENTIFIER = "emoona2.No-Food-Waste-Inator-3000";
				PRODUCT_NAME = "$(TARGET_NAME)";
				SWIFT_VERSION = 5.0;
				TARGETED_DEVICE_FAMILY = "1,2";
			};
			name = Debug;
		};
		A982181C2601825400ABC271 /* Release */ = {
			isa = XCBuildConfiguration;
			buildSettings = {
				ASSETCATALOG_COMPILER_APPICON_NAME = AppIcon;
				ASSETCATALOG_COMPILER_GLOBAL_ACCENT_COLOR_NAME = AccentColor;
				CODE_SIGN_STYLE = Automatic;
				DEVELOPMENT_ASSET_PATHS = "\"No-Food-Waste-Inator 3000/Preview Content\"";
				DEVELOPMENT_TEAM = 94GR47S8MA;
				ENABLE_PREVIEWS = YES;
				INFOPLIST_FILE = "No-Food-Waste-Inator 3000/Info.plist";
				IPHONEOS_DEPLOYMENT_TARGET = 14.0;
				LD_RUNPATH_SEARCH_PATHS = (
					"$(inherited)",
					"@executable_path/Frameworks",
				);
				PRODUCT_BUNDLE_IDENTIFIER = "emoona2.No-Food-Waste-Inator-3000";
				PRODUCT_NAME = "$(TARGET_NAME)";
				SWIFT_VERSION = 5.0;
				TARGETED_DEVICE_FAMILY = "1,2";
			};
			name = Release;
		};
/* End XCBuildConfiguration section */

/* Begin XCConfigurationList section */
		A98218012601825300ABC271 /* Build configuration list for PBXProject "No-Food-Waste-Inator 3000" */ = {
			isa = XCConfigurationList;
			buildConfigurations = (
				A98218182601825400ABC271 /* Debug */,
				A98218192601825400ABC271 /* Release */,
			);
			defaultConfigurationIsVisible = 0;
			defaultConfigurationName = Release;
		};
		A982181A2601825400ABC271 /* Build configuration list for PBXNativeTarget "No-Food-Waste-Inator 3000" */ = {
			isa = XCConfigurationList;
			buildConfigurations = (
				A982181B2601825400ABC271 /* Debug */,
				A982181C2601825400ABC271 /* Release */,
			);
			defaultConfigurationIsVisible = 0;
			defaultConfigurationName = Release;
		};
/* End XCConfigurationList section */

/* Begin XCVersionGroup section */
		A98218142601825400ABC271 /* No_Food_Waste_Inator_3000.xcdatamodeld */ = {
			isa = XCVersionGroup;
			children = (
				A98218152601825400ABC271 /* No_Food_Waste_Inator_3000.xcdatamodel */,
			);
			currentVersion = A98218152601825400ABC271 /* No_Food_Waste_Inator_3000.xcdatamodel */;
			path = No_Food_Waste_Inator_3000.xcdatamodeld;
			sourceTree = "<group>";
			versionGroupType = wrapper.xcdatamodel;
		};
/* End XCVersionGroup section */
	};
	rootObject = A98217FE2601825300ABC271 /* Project object */;
}
